// !$*UTF8*$!
{
	archiveVersion = 1;
	classes = {
	};
	objectVersion = 46;
	objects = {

/* Begin PBXBuildFile section */
		147B59971F56F6590045CE29 /* AppDelegate.swift in Sources */ = {isa = PBXBuildFile; fileRef = 147B59961F56F6590045CE29 /* AppDelegate.swift */; };
		147B59991F56F6590045CE29 /* ViewController.swift in Sources */ = {isa = PBXBuildFile; fileRef = 147B59981F56F6590045CE29 /* ViewController.swift */; };
		147B599C1F56F6590045CE29 /* Main.storyboard in Resources */ = {isa = PBXBuildFile; fileRef = 147B599A1F56F6590045CE29 /* Main.storyboard */; };
		147B599E1F56F6590045CE29 /* Assets.xcassets in Resources */ = {isa = PBXBuildFile; fileRef = 147B599D1F56F6590045CE29 /* Assets.xcassets */; };
		147B59A11F56F6590045CE29 /* LaunchScreen.storyboard in Resources */ = {isa = PBXBuildFile; fileRef = 147B599F1F56F6590045CE29 /* LaunchScreen.storyboard */; };
		A73297B1B6F6B1A583FDDFE6 /* Pods_socketlearn.framework in Frameworks */ = {isa = PBXBuildFile; fileRef = 5DE0164C01BD86AB512F6934 /* Pods_socketlearn.framework */; };
/* End PBXBuildFile section */

/* Begin PBXFileReference section */
		147B59931F56F6590045CE29 /* socketlearn.app */ = {isa = PBXFileReference; explicitFileType = wrapper.application; includeInIndex = 0; path = socketlearn.app; sourceTree = BUILT_PRODUCTS_DIR; };
		147B59961F56F6590045CE29 /* AppDelegate.swift */ = {isa = PBXFileReference; lastKnownFileType = sourcecode.swift; path = AppDelegate.swift; sourceTree = "<group>"; };
		147B59981F56F6590045CE29 /* ViewController.swift */ = {isa = PBXFileReference; lastKnownFileType = sourcecode.swift; path = ViewController.swift; sourceTree = "<group>"; };
		147B599B1F56F6590045CE29 /* Base */ = {isa = PBXFileReference; lastKnownFileType = file.storyboard; name = Base; path = Base.lproj/Main.storyboard; sourceTree = "<group>"; };
		147B599D1F56F6590045CE29 /* Assets.xcassets */ = {isa = PBXFileReference; lastKnownFileType = folder.assetcatalog; path = Assets.xcassets; sourceTree = "<group>"; };
		147B59A01F56F6590045CE29 /* Base */ = {isa = PBXFileReference; lastKnownFileType = file.storyboard; name = Base; path = Base.lproj/LaunchScreen.storyboard; sourceTree = "<group>"; };
		147B59A21F56F6590045CE29 /* Info.plist */ = {isa = PBXFileReference; lastKnownFileType = text.plist.xml; path = Info.plist; sourceTree = "<group>"; };
		1603F522A9223A2AA4F8D6A8 /* Pods-socketlearn.debug.xcconfig */ = {isa = PBXFileReference; includeInIndex = 1; lastKnownFileType = text.xcconfig; name = "Pods-socketlearn.debug.xcconfig"; path = "Pods/Target Support Files/Pods-socketlearn/Pods-socketlearn.debug.xcconfig"; sourceTree = "<group>"; };
		5DE0164C01BD86AB512F6934 /* Pods_socketlearn.framework */ = {isa = PBXFileReference; explicitFileType = wrapper.framework; includeInIndex = 0; path = Pods_socketlearn.framework; sourceTree = BUILT_PRODUCTS_DIR; };
		A19F0DBB48DA809AA9C4118B /* Pods-socketlearn.release.xcconfig */ = {isa = PBXFileReference; includeInIndex = 1; lastKnownFileType = text.xcconfig; name = "Pods-socketlearn.release.xcconfig"; path = "Pods/Target Support Files/Pods-socketlearn/Pods-socketlearn.release.xcconfig"; sourceTree = "<group>"; };
/* End PBXFileReference section */

/* Begin PBXFrameworksBuildPhase section */
		147B59901F56F6590045CE29 /* Frameworks */ = {
			isa = PBXFrameworksBuildPhase;
			buildActionMask = 2147483647;
			files = (
				A73297B1B6F6B1A583FDDFE6 /* Pods_socketlearn.framework in Frameworks */,
			);
			runOnlyForDeploymentPostprocessing = 0;
		};
/* End PBXFrameworksBuildPhase section */

/* Begin PBXGroup section */
		147B598A1F56F6590045CE29 = {
			isa = PBXGroup;
			children = (
				147B59951F56F6590045CE29 /* socketlearn */,
				147B59941F56F6590045CE29 /* Products */,
				6893D7442408742A80875973 /* Pods */,
				2F7F7799C8C449ECA90102CB /* Frameworks */,
			);
			sourceTree = "<group>";
		};
		147B59941F56F6590045CE29 /* Products */ = {
			isa = PBXGroup;
			children = (
				147B59931F56F6590045CE29 /* socketlearn.app */,
			);
			name = Products;
			sourceTree = "<group>";
		};
		147B59951F56F6590045CE29 /* socketlearn */ = {
			isa = PBXGroup;
			children = (
				147B59961F56F6590045CE29 /* AppDelegate.swift */,
				147B59981F56F6590045CE29 /* ViewController.swift */,
				147B599A1F56F6590045CE29 /* Main.storyboard */,
				147B599D1F56F6590045CE29 /* Assets.xcassets */,
				147B599F1F56F6590045CE29 /* LaunchScreen.storyboard */,
				147B59A21F56F6590045CE29 /* Info.plist */,
			);
			path = socketlearn;
			sourceTree = "<group>";
		};
		2F7F7799C8C449ECA90102CB /* Frameworks */ = {
			isa = PBXGroup;
			children = (
				5DE0164C01BD86AB512F6934 /* Pods_socketlearn.framework */,
			);
			name = Frameworks;
			sourceTree = "<group>";
		};
		6893D7442408742A80875973 /* Pods */ = {
			isa = PBXGroup;
			children = (
				1603F522A9223A2AA4F8D6A8 /* Pods-socketlearn.debug.xcconfig */,
				A19F0DBB48DA809AA9C4118B /* Pods-socketlearn.release.xcconfig */,
			);
			name = Pods;
			sourceTree = "<group>";
		};
/* End PBXGroup section */

/* Begin PBXNativeTarget section */
		147B59921F56F6590045CE29 /* socketlearn */ = {
			isa = PBXNativeTarget;
			buildConfigurationList = 147B59A51F56F6590045CE29 /* Build configuration list for PBXNativeTarget "socketlearn" */;
			buildPhases = (
				FC8428C4DE46A2F71D16C577 /* [CP] Check Pods Manifest.lock */,
				147B598F1F56F6590045CE29 /* Sources */,
				147B59901F56F6590045CE29 /* Frameworks */,
				147B59911F56F6590045CE29 /* Resources */,
				AF81CF1179F2EB974FD652F0 /* [CP] Embed Pods Frameworks */,
				2BEE766EE9FB7A72B665FF7C /* [CP] Copy Pods Resources */,
			);
			buildRules = (
			);
			dependencies = (
			);
			name = socketlearn;
			productName = socketlearn;
			productReference = 147B59931F56F6590045CE29 /* socketlearn.app */;
			productType = "com.apple.product-type.application";
		};
/* End PBXNativeTarget section */

/* Begin PBXProject section */
		147B598B1F56F6590045CE29 /* Project object */ = {
			isa = PBXProject;
			attributes = {
				LastSwiftUpdateCheck = 0830;
				LastUpgradeCheck = 0830;
				ORGANIZATIONNAME = lihe;
				TargetAttributes = {
					147B59921F56F6590045CE29 = {
						CreatedOnToolsVersion = 8.3.3;
						ProvisioningStyle = Automatic;
					};
				};
			};
			buildConfigurationList = 147B598E1F56F6590045CE29 /* Build configuration list for PBXProject "socketlearn" */;
			compatibilityVersion = "Xcode 3.2";
			developmentRegion = English;
			hasScannedForEncodings = 0;
			knownRegions = (
				en,
				Base,
			);
			mainGroup = 147B598A1F56F6590045CE29;
			productRefGroup = 147B59941F56F6590045CE29 /* Products */;
			projectDirPath = "";
			projectRoot = "";
			targets = (
				147B59921F56F6590045CE29 /* socketlearn */,
			);
		};
/* End PBXProject section */

/* Begin PBXResourcesBuildPhase section */
		147B59911F56F6590045CE29 /* Resources */ = {
			isa = PBXResourcesBuildPhase;
			buildActionMask = 2147483647;
			files = (
				147B59A11F56F6590045CE29 /* LaunchScreen.storyboard in Resources */,
				147B599E1F56F6590045CE29 /* Assets.xcassets in Resources */,
				147B599C1F56F6590045CE29 /* Main.storyboard in Resources */,
			);
			runOnlyForDeploymentPostprocessing = 0;
		};
/* End PBXResourcesBuildPhase section */

/* Begin PBXShellScriptBuildPhase section */
		2BEE766EE9FB7A72B665FF7C /* [CP] Copy Pods Resources */ = {
			isa = PBXShellScriptBuildPhase;
			buildActionMask = 2147483647;
			files = (
			);
			inputPaths = (
			);
			name = "[CP] Copy Pods Resources";
			outputPaths = (
			);
			runOnlyForDeploymentPostprocessing = 0;
			shellPath = /bin/sh;
			shellScript = "\"${SRCROOT}/Pods/Target Support Files/Pods-socketlearn/Pods-socketlearn-resources.sh\"\n";
			showEnvVarsInLog = 0;
		};
		AF81CF1179F2EB974FD652F0 /* [CP] Embed Pods Frameworks */ = {
			isa = PBXShellScriptBuildPhase;
			buildActionMask = 2147483647;
			files = (
			);
			inputPaths = (
			);
			name = "[CP] Embed Pods Frameworks";
			outputPaths = (
			);
			runOnlyForDeploymentPostprocessing = 0;
			shellPath = /bin/sh;
			shellScript = "\"${SRCROOT}/Pods/Target Support Files/Pods-socketlearn/Pods-socketlearn-frameworks.sh\"\n";
			showEnvVarsInLog = 0;
		};
		FC8428C4DE46A2F71D16C577 /* [CP] Check Pods Manifest.lock */ = {
			isa = PBXShellScriptBuildPhase;
			buildActionMask = 2147483647;
			files = (
			);
			inputPaths = (
			);
			name = "[CP] Check Pods Manifest.lock";
			outputPaths = (
			);
			runOnlyForDeploymentPostprocessing = 0;
			shellPath = /bin/sh;
			shellScript = "diff \"${PODS_ROOT}/../Podfile.lock\" \"${PODS_ROOT}/Manifest.lock\" > /dev/null\nif [ $? != 0 ] ; then\n    # print error to STDERR\n    echo \"error: The sandbox is not in sync with the Podfile.lock. Run 'pod install' or update your CocoaPods installation.\" >&2\n    exit 1\nfi\n";
			showEnvVarsInLog = 0;
		};
/* End PBXShellScriptBuildPhase section */

/* Begin PBXSourcesBuildPhase section */
		147B598F1F56F6590045CE29 /* Sources */ = {
			isa = PBXSourcesBuildPhase;
			buildActionMask = 2147483647;
			files = (
				147B59991F56F6590045CE29 /* ViewController.swift in Sources */,
				147B59971F56F6590045CE29 /* AppDelegate.swift in Sources */,
			);
			runOnlyForDeploymentPostprocessing = 0;
		};
/* End PBXSourcesBuildPhase section */

/* Begin PBXVariantGroup section */
		147B599A1F56F6590045CE29 /* Main.storyboard */ = {
			isa = PBXVariantGroup;
			children = (
				147B599B1F56F6590045CE29 /* Base */,
			);
			name = Main.storyboard;
			sourceTree = "<group>";
		};
		147B599F1F56F6590045CE29 /* LaunchScreen.storyboard */ = {
			isa = PBXVariantGroup;
			children = (
				147B59A01F56F6590045CE29 /* Base */,
			);
			name = LaunchScreen.storyboard;
			sourceTree = "<group>";
		};
/* End PBXVariantGroup section */

/* Begin XCBuildConfiguration section */
		147B59A31F56F6590045CE29 /* Debug */ = {
			isa = XCBuildConfiguration;
			buildSettings = {
				ALWAYS_SEARCH_USER_PATHS = NO;
				CLANG_ANALYZER_NONNULL = YES;
				CLANG_ANALYZER_NUMBER_OBJECT_CONVERSION = YES_AGGRESSIVE;
				CLANG_CXX_LANGUAGE_STANDARD = "gnu++0x";
				CLANG_CXX_LIBRARY = "libc++";
				CLANG_ENABLE_MODULES = YES;
				CLANG_ENABLE_OBJC_ARC = YES;
				CLANG_WARN_BOOL_CONVERSION = YES;
				CLANG_WARN_CONSTANT_CONVERSION = YES;
				CLANG_WARN_DIRECT_OBJC_ISA_USAGE = YES_ERROR;
				CLANG_WARN_DOCUMENTATION_COMMENTS = YES;
				CLANG_WARN_EMPTY_BODY = YES;
				CLANG_WARN_ENUM_CONVERSION = YES;
				CLANG_WARN_INFINITE_RECURSION = YES;
				CLANG_WARN_INT_CONVERSION = YES;
				CLANG_WARN_OBJC_ROOT_CLASS = YES_ERROR;
				CLANG_WARN_SUSPICIOUS_MOVE = YES;
				CLANG_WARN_UNREACHABLE_CODE = YES;
				CLANG_WARN__DUPLICATE_METHOD_MATCH = YES;
				"CODE_SIGN_IDENTITY[sdk=iphoneos*]" = "iPhone Developer";
				COPY_PHASE_STRIP = NO;
				DEBUG_INFORMATION_FORMAT = dwarf;
				ENABLE_STRICT_OBJC_MSGSEND = YES;
				ENABLE_TESTABILITY = YES;
				GCC_C_LANGUAGE_STANDARD = gnu99;
				GCC_DYNAMIC_NO_PIC = NO;
				GCC_NO_COMMON_BLOCKS = YES;
				GCC_OPTIMIZATION_LEVEL = 0;
				GCC_PREPROCESSOR_DEFINITIONS = (
					"DEBUG=1",
					"$(inherited)",
				);
				GCC_WARN_64_TO_32_BIT_CONVERSION = YES;
				GCC_WARN_ABOUT_RETURN_TYPE = YES_ERROR;
				GCC_WARN_UNDECLARED_SELECTOR = YES;
				GCC_WARN_UNINITIALIZED_AUTOS = YES_AGGRESSIVE;
				GCC_WARN_UNUSED_FUNCTION = YES;
				GCC_WARN_UNUSED_VARIABLE = YES;
				IPHONEOS_DEPLOYMENT_TARGET = 10.3;
				MTL_ENABLE_DEBUG_INFO = YES;
				ONLY_ACTIVE_ARCH = YES;
				SDKROOT = iphoneos;
				SWIFT_ACTIVE_COMPILATION_CONDITIONS = DEBUG;
				SWIFT_OPTIMIZATION_LEVEL = "-Onone";
				TARGETED_DEVICE_FAMILY = "1,2";
			};
			name = Debug;
		};
		147B59A41F56F6590045CE29 /* Release */ = {
			isa = XCBuildConfiguration;
			buildSettings = {
				ALWAYS_SEARCH_USER_PATHS = NO;
				CLANG_ANALYZER_NONNULL = YES;
				CLANG_ANALYZER_NUMBER_OBJECT_CONVERSION = YES_AGGRESSIVE;
				CLANG_CXX_LANGUAGE_STANDARD = "gnu++0x";
				CLANG_CXX_LIBRARY = "libc++";
				CLANG_ENABLE_MODULES = YES;
				CLANG_ENABLE_OBJC_ARC = YES;
				CLANG_WARN_BOOL_CONVERSION = YES;
				CLANG_WARN_CONSTANT_CONVERSION = YES;
				CLANG_WARN_DIRECT_OBJC_ISA_USAGE = YES_ERROR;
				CLANG_WARN_DOCUMENTATION_COMMENTS = YES;
				CLANG_WARN_EMPTY_BODY = YES;
				CLANG_WARN_ENUM_CONVERSION = YES;
				CLANG_WARN_INFINITE_RECURSION = YES;
				CLANG_WARN_INT_CONVERSION = YES;
				CLANG_WARN_OBJC_ROOT_CLASS = YES_ERROR;
				CLANG_WARN_SUSPICIOUS_MOVE = YES;
				CLANG_WARN_UNREACHABLE_CODE = YES;
				CLANG_WARN__DUPLICATE_METHOD_MATCH = YES;
				"CODE_SIGN_IDENTITY[sdk=iphoneos*]" = "iPhone Developer";
				COPY_PHASE_STRIP = NO;
				DEBUG_INFORMATION_FORMAT = "dwarf-with-dsym";
				ENABLE_NS_ASSERTIONS = NO;
				ENABLE_STRICT_OBJC_MSGSEND = YES;
				GCC_C_LANGUAGE_STANDARD = gnu99;
				GCC_NO_COMMON_BLOCKS = YES;
				GCC_WARN_64_TO_32_BIT_CONVERSION = YES;
				GCC_WARN_ABOUT_RETURN_TYPE = YES_ERROR;
				GCC_WARN_UNDECLARED_SELECTOR = YES;
				GCC_WARN_UNINITIALIZED_AUTOS = YES_AGGRESSIVE;
				GCC_WARN_UNUSED_FUNCTION = YES;
				GCC_WARN_UNUSED_VARIABLE = YES;
				IPHONEOS_DEPLOYMENT_TARGET = 10.3;
				MTL_ENABLE_DEBUG_INFO = NO;
				SDKROOT = iphoneos;
				SWIFT_OPTIMIZATION_LEVEL = "-Owholemodule";
				TARGETED_DEVICE_FAMILY = "1,2";
				VALIDATE_PRODUCT = YES;
			};
			name = Release;
		};
		147B59A61F56F6590045CE29 /* Debug */ = {
			isa = XCBuildConfiguration;
			baseConfigurationReference = 1603F522A9223A2AA4F8D6A8 /* Pods-socketlearn.debug.xcconfig */;
			buildSettings = {
				ASSETCATALOG_COMPILER_APPICON_NAME = AppIcon;
				INFOPLIST_FILE = socketlearn/Info.plist;
				IPHONEOS_DEPLOYMENT_TARGET = 8.0;
				LD_RUNPATH_SEARCH_PATHS = "$(inherited) @executable_path/Frameworks";
				PRODUCT_BUNDLE_IDENTIFIER = lihe.socketlearn;
				PRODUCT_NAME = "$(TARGET_NAME)";
				SWIFT_OBJC_BRIDGING_HEADER = "";
				SWIFT_VERSION = 3.0;
			};
			name = Debug;
		};
		147B59A71F56F6590045CE29 /* Release */ = {
			isa = XCBuildConfiguration;
			baseConfigurationReference = A19F0DBB48DA809AA9C4118B /* Pods-socketlearn.release.xcconfig */;
			buildSettings = {
				ASSETCATALOG_COMPILER_APPICON_NAME = AppIcon;
				INFOPLIST_FILE = socketlearn/Info.plist;
				IPHONEOS_DEPLOYMENT_TARGET = 8.0;
				LD_RUNPATH_SEARCH_PATHS = "$(inherited) @executable_path/Frameworks";
				PRODUCT_BUNDLE_IDENTIFIER = lihe.socketlearn;
				PRODUCT_NAME = "$(TARGET_NAME)";
				SWIFT_OBJC_BRIDGING_HEADER = "";
				SWIFT_VERSION = 3.0;
			};
			name = Release;
		};
/* End XCBuildConfiguration section */

/* Begin XCConfigurationList section */
		147B598E1F56F6590045CE29 /* Build configuration list for PBXProject "socketlearn" */ = {
			isa = XCConfigurationList;
			buildConfigurations = (
				147B59A31F56F6590045CE29 /* Debug */,
				147B59A41F56F6590045CE29 /* Release */,
			);
			defaultConfigurationIsVisible = 0;
			defaultConfigurationName = Release;
		};
		147B59A51F56F6590045CE29 /* Build configuration list for PBXNativeTarget "socketlearn" */ = {
			isa = XCConfigurationList;
			buildConfigurations = (
				147B59A61F56F6590045CE29 /* Debug */,
				147B59A71F56F6590045CE29 /* Release */,
			);
			defaultConfigurationIsVisible = 0;
			defaultConfigurationName = Release;
		};
/* End XCConfigurationList section */
	};
	rootObject = 147B598B1F56F6590045CE29 /* Project object */;
}
